
Microsoft Visual Studio Solution File, Format Version 12.00
# Visual Studio Version 17
VisualStudioVersion = 17.5.33414.496
MinimumVisualStudioVersion = 10.0.40219.1
Project("{FAE04EC0-301F-11D3-BF4B-00C04F79EFBC}") = "WebAPI", "WebAPI\WebAPI.csproj", "{7C0F4D06-EEDB-4C0E-B93C-FD0D7A510D0F}"
EndProject
Global
	GlobalSection(SolutionConfigurationPlatforms) = preSolution
		Debug|Any CPU = Debug|Any CPU
		Release|Any CPU = Release|Any CPU
	EndGlobalSection
	GlobalSection(ProjectConfigurationPlatforms) = postSolution
		{7C0F4D06-EEDB-4C0E-B93C-FD0D7A510D0F}.Debug|Any CPU.ActiveCfg = Debug|Any CPU
		{7C0F4D06-EEDB-4C0E-B93C-FD0D7A510D0F}.Debug|Any CPU.Build.0 = Debug|Any CPU
		{7C0F4D06-EEDB-4C0E-B93C-FD0D7A510D0F}.Release|Any CPU.ActiveCfg = Release|Any CPU
		{7C0F4D06-EEDB-4C0E-B93C-FD0D7A510D0F}.Release|Any CPU.Build.0 = Release|Any CPU
	EndGlobalSection
	GlobalSection(SolutionProperties) = preSolution
		HideSolutionNode = FALSE
	EndGlobalSection
	GlobalSection(ExtensibilityGlobals) = postSolution
		SolutionGuid = {1FEF259E-B836-4732-B0FC-5E629D07C841}
	EndGlobalSection
EndGlobal
